
Microsoft Visual Studio Solution File, Format Version 12.00
# Visual Studio 2013
VisualStudioVersion = 12.0.21005.1
MinimumVisualStudioVersion = 10.0.40219.1
Project("{8BC9CEB8-8B4A-11D0-8D11-00A0C91BC942}") = "diversity", "diversity\diversity.vcxproj", "{FB32070C-63E4-4642-9614-5A8240120841}"
EndProject
Global
	GlobalSection(SolutionConfigurationPlatforms) = preSolution
		Debug|Win32 = Debug|Win32
		Release|Win32 = Release|Win32
	EndGlobalSection
	GlobalSection(ProjectConfigurationPlatforms) = postSolution
		{FB32070C-63E4-4642-9614-5A8240120841}.Debug|Win32.ActiveCfg = Debug|Win32
		{FB32070C-63E4-4642-9614-5A8240120841}.Debug|Win32.Build.0 = Debug|Win32
		{FB32070C-63E4-4642-9614-5A8240120841}.Release|Win32.ActiveCfg = Release|Win32
		{FB32070C-63E4-4642-9614-5A8240120841}.Release|Win32.Build.0 = Release|Win32
	EndGlobalSection
	GlobalSection(SolutionProperties) = preSolution
		HideSolutionNode = FALSE
	EndGlobalSection
EndGlobal
